// !$*UTF8*$!
{
	archiveVersion = 1;
	classes = {
	};
	objectVersion = 56;
	objects = {

/* Begin PBXBuildFile section */
		FA1893F12BC59CA700719EAD /* ExitCodesApp.swift in Sources */ = {isa = PBXBuildFile; fileRef = FA1893F02BC59CA700719EAD /* ExitCodesApp.swift */; };
		FA1893F32BC59CA700719EAD /* ContentView.swift in Sources */ = {isa = PBXBuildFile; fileRef = FA1893F22BC59CA700719EAD /* ContentView.swift */; };
		FA1893F52BC59CA700719EAD /* Assets.xcassets in Resources */ = {isa = PBXBuildFile; fileRef = FA1893F42BC59CA700719EAD /* Assets.xcassets */; };
		FA1893F82BC59CA700719EAD /* Preview Assets.xcassets in Resources */ = {isa = PBXBuildFile; fileRef = FA1893F72BC59CA700719EAD /* Preview Assets.xcassets */; };
		FA1894022BC59CA800719EAD /* ExitCodesTests.swift in Sources */ = {isa = PBXBuildFile; fileRef = FA1894012BC59CA800719EAD /* ExitCodesTests.swift */; };
/* End PBXBuildFile section */

/* Begin PBXContainerItemProxy section */
		FA1893FE2BC59CA800719EAD /* PBXContainerItemProxy */ = {
			isa = PBXContainerItemProxy;
			containerPortal = FA1893E52BC59CA600719EAD /* Project object */;
			proxyType = 1;
			remoteGlobalIDString = FA1893EC2BC59CA700719EAD;
			remoteInfo = ExitCodes;
		};
/* End PBXContainerItemProxy section */

/* Begin PBXFileReference section */
		FA1893ED2BC59CA700719EAD /* ExitCodes.app */ = {isa = PBXFileReference; explicitFileType = wrapper.application; includeInIndex = 0; path = ExitCodes.app; sourceTree = BUILT_PRODUCTS_DIR; };
		FA1893F02BC59CA700719EAD /* ExitCodesApp.swift */ = {isa = PBXFileReference; lastKnownFileType = sourcecode.swift; path = ExitCodesApp.swift; sourceTree = "<group>"; };
		FA1893F22BC59CA700719EAD /* ContentView.swift */ = {isa = PBXFileReference; lastKnownFileType = sourcecode.swift; path = ContentView.swift; sourceTree = "<group>"; };
		FA1893F42BC59CA700719EAD /* Assets.xcassets */ = {isa = PBXFileReference; lastKnownFileType = folder.assetcatalog; path = Assets.xcassets; sourceTree = "<group>"; };
		FA1893F72BC59CA700719EAD /* Preview Assets.xcassets */ = {isa = PBXFileReference; lastKnownFileType = folder.assetcatalog; path = "Preview Assets.xcassets"; sourceTree = "<group>"; };
		FA1893FD2BC59CA800719EAD /* ExitCodesTests.xctest */ = {isa = PBXFileReference; explicitFileType = wrapper.cfbundle; includeInIndex = 0; path = ExitCodesTests.xctest; sourceTree = BUILT_PRODUCTS_DIR; };
		FA1894012BC59CA800719EAD /* ExitCodesTests.swift */ = {isa = PBXFileReference; lastKnownFileType = sourcecode.swift; path = ExitCodesTests.swift; sourceTree = "<group>"; };
/* End PBXFileReference section */

/* Begin PBXFrameworksBuildPhase section */
		FA1893EA2BC59CA700719EAD /* Frameworks */ = {
			isa = PBXFrameworksBuildPhase;
			buildActionMask = 2147483647;
			files = (
			);
			runOnlyForDeploymentPostprocessing = 0;
		};
		FA1893FA2BC59CA800719EAD /* Frameworks */ = {
			isa = PBXFrameworksBuildPhase;
			buildActionMask = 2147483647;
			files = (
			);
			runOnlyForDeploymentPostprocessing = 0;
		};
/* End PBXFrameworksBuildPhase section */

/* Begin PBXGroup section */
		FA1893E42BC59CA600719EAD = {
			isa = PBXGroup;
			children = (
				FA1893EF2BC59CA700719EAD /* ExitCodes */,
				FA1894002BC59CA800719EAD /* ExitCodesTests */,
				FA1893EE2BC59CA700719EAD /* Products */,
			);
			sourceTree = "<group>";
		};
		FA1893EE2BC59CA700719EAD /* Products */ = {
			isa = PBXGroup;
			children = (
				FA1893ED2BC59CA700719EAD /* ExitCodes.app */,
				FA1893FD2BC59CA800719EAD /* ExitCodesTests.xctest */,
			);
			name = Products;
			sourceTree = "<group>";
		};
		FA1893EF2BC59CA700719EAD /* ExitCodes */ = {
			isa = PBXGroup;
			children = (
				FA1893F02BC59CA700719EAD /* ExitCodesApp.swift */,
				FA1893F22BC59CA700719EAD /* ContentView.swift */,
				FA1893F42BC59CA700719EAD /* Assets.xcassets */,
				FA1893F62BC59CA700719EAD /* Preview Content */,
			);
			path = ExitCodes;
			sourceTree = "<group>";
		};
		FA1893F62BC59CA700719EAD /* Preview Content */ = {
			isa = PBXGroup;
			children = (
				FA1893F72BC59CA700719EAD /* Preview Assets.xcassets */,
			);
			path = "Preview Content";
			sourceTree = "<group>";
		};
		FA1894002BC59CA800719EAD /* ExitCodesTests */ = {
			isa = PBXGroup;
			children = (
				FA1894012BC59CA800719EAD /* ExitCodesTests.swift */,
			);
			path = ExitCodesTests;
			sourceTree = "<group>";
		};
/* End PBXGroup section */

/* Begin PBXNativeTarget section */
		FA1893EC2BC59CA700719EAD /* ExitCodes */ = {
			isa = PBXNativeTarget;
			buildConfigurationList = FA1894112BC59CA800719EAD /* Build configuration list for PBXNativeTarget "ExitCodes" */;
			buildPhases = (
				FA1893E92BC59CA700719EAD /* Sources */,
				FA1893EA2BC59CA700719EAD /* Frameworks */,
				FA1893EB2BC59CA700719EAD /* Resources */,
			);
			buildRules = (
			);
			dependencies = (
			);
			name = ExitCodes;
			productName = ExitCodes;
			productReference = FA1893ED2BC59CA700719EAD /* ExitCodes.app */;
			productType = "com.apple.product-type.application";
		};
		FA1893FC2BC59CA800719EAD /* ExitCodesTests */ = {
			isa = PBXNativeTarget;
			buildConfigurationList = FA1894142BC59CA800719EAD /* Build configuration list for PBXNativeTarget "ExitCodesTests" */;
			buildPhases = (
				FA1893F92BC59CA800719EAD /* Sources */,
				FA1893FA2BC59CA800719EAD /* Frameworks */,
				FA1893FB2BC59CA800719EAD /* Resources */,
			);
			buildRules = (
			);
			dependencies = (
				FA1893FF2BC59CA800719EAD /* PBXTargetDependency */,
			);
			name = ExitCodesTests;
			productName = ExitCodesTests;
			productReference = FA1893FD2BC59CA800719EAD /* ExitCodesTests.xctest */;
			productType = "com.apple.product-type.bundle.unit-test";
		};
/* End PBXNativeTarget section */

/* Begin PBXProject section */
		FA1893E52BC59CA600719EAD /* Project object */ = {
			isa = PBXProject;
			attributes = {
				BuildIndependentTargetsInParallel = 1;
				LastSwiftUpdateCheck = 1530;
				LastUpgradeCheck = 1530;
				TargetAttributes = {
					FA1893EC2BC59CA700719EAD = {
						CreatedOnToolsVersion = 15.3;
					};
					FA1893FC2BC59CA800719EAD = {
						CreatedOnToolsVersion = 15.3;
						TestTargetID = FA1893EC2BC59CA700719EAD;
					};
				};
			};
			buildConfigurationList = FA1893E82BC59CA600719EAD /* Build configuration list for PBXProject "ExitCodes" */;
			compatibilityVersion = "Xcode 14.0";
			developmentRegion = en;
			hasScannedForEncodings = 0;
			knownRegions = (
				en,
				Base,
			);
			mainGroup = FA1893E42BC59CA600719EAD;
			productRefGroup = FA1893EE2BC59CA700719EAD /* Products */;
			projectDirPath = "";
			projectRoot = "";
			targets = (
				FA1893EC2BC59CA700719EAD /* ExitCodes */,
				FA1893FC2BC59CA800719EAD /* ExitCodesTests */,
			);
		};
/* End PBXProject section */

/* Begin PBXResourcesBuildPhase section */
		FA1893EB2BC59CA700719EAD /* Resources */ = {
			isa = PBXResourcesBuildPhase;
			buildActionMask = 2147483647;
			files = (
				FA1893F82BC59CA700719EAD /* Preview Assets.xcassets in Resources */,
				FA1893F52BC59CA700719EAD /* Assets.xcassets in Resources */,
			);
			runOnlyForDeploymentPostprocessing = 0;
		};
		FA1893FB2BC59CA800719EAD /* Resources */ = {
			isa = PBXResourcesBuildPhase;
			buildActionMask = 2147483647;
			files = (
			);
			runOnlyForDeploymentPostprocessing = 0;
		};
/* End PBXResourcesBuildPhase section */

/* Begin PBXSourcesBuildPhase section */
		FA1893E92BC59CA700719EAD /* Sources */ = {
			isa = PBXSourcesBuildPhase;
			buildActionMask = 2147483647;
			files = (
				FA1893F32BC59CA700719EAD /* ContentView.swift in Sources */,
				FA1893F12BC59CA700719EAD /* ExitCodesApp.swift in Sources */,
			);
			runOnlyForDeploymentPostprocessing = 0;
		};
		FA1893F92BC59CA800719EAD /* Sources */ = {
			isa = PBXSourcesBuildPhase;
			buildActionMask = 2147483647;
			files = (
				FA1894022BC59CA800719EAD /* ExitCodesTests.swift in Sources */,
			);
			runOnlyForDeploymentPostprocessing = 0;
		};
/* End PBXSourcesBuildPhase section */

/* Begin PBXTargetDependency section */
		FA1893FF2BC59CA800719EAD /* PBXTargetDependency */ = {
			isa = PBXTargetDependency;
			target = FA1893EC2BC59CA700719EAD /* ExitCodes */;
			targetProxy = FA1893FE2BC59CA800719EAD /* PBXContainerItemProxy */;
		};
/* End PBXTargetDependency section */

/* Begin XCBuildConfiguration section */
		FA18940F2BC59CA800719EAD /* Debug */ = {
			isa = XCBuildConfiguration;
			buildSettings = {
				ALWAYS_SEARCH_USER_PATHS = NO;
				ASSETCATALOG_COMPILER_GENERATE_SWIFT_ASSET_SYMBOL_EXTENSIONS = YES;
				CLANG_ANALYZER_NONNULL = YES;
				CLANG_ANALYZER_NUMBER_OBJECT_CONVERSION = YES_AGGRESSIVE;
				CLANG_CXX_LANGUAGE_STANDARD = "gnu++20";
				CLANG_ENABLE_MODULES = YES;
				CLANG_ENABLE_OBJC_ARC = YES;
				CLANG_ENABLE_OBJC_WEAK = YES;
				CLANG_WARN_BLOCK_CAPTURE_AUTORELEASING = YES;
				CLANG_WARN_BOOL_CONVERSION = YES;
				CLANG_WARN_COMMA = YES;
				CLANG_WARN_CONSTANT_CONVERSION = YES;
				CLANG_WARN_DEPRECATED_OBJC_IMPLEMENTATIONS = YES;
				CLANG_WARN_DIRECT_OBJC_ISA_USAGE = YES_ERROR;
				CLANG_WARN_DOCUMENTATION_COMMENTS = YES;
				CLANG_WARN_EMPTY_BODY = YES;
				CLANG_WARN_ENUM_CONVERSION = YES;
				CLANG_WARN_INFINITE_RECURSION = YES;
				CLANG_WARN_INT_CONVERSION = YES;
				CLANG_WARN_NON_LITERAL_NULL_CONVERSION = YES;
				CLANG_WARN_OBJC_IMPLICIT_RETAIN_SELF = YES;
				CLANG_WARN_OBJC_LITERAL_CONVERSION = YES;
				CLANG_WARN_OBJC_ROOT_CLASS = YES_ERROR;
				CLANG_WARN_QUOTED_INCLUDE_IN_FRAMEWORK_HEADER = YES;
				CLANG_WARN_RANGE_LOOP_ANALYSIS = YES;
				CLANG_WARN_STRICT_PROTOTYPES = YES;
				CLANG_WARN_SUSPICIOUS_MOVE = YES;
				CLANG_WARN_UNGUARDED_AVAILABILITY = YES_AGGRESSIVE;
				CLANG_WARN_UNREACHABLE_CODE = YES;
				CLANG_WARN__DUPLICATE_METHOD_MATCH = YES;
				COPY_PHASE_STRIP = NO;
				DEBUG_INFORMATION_FORMAT = dwarf;
				ENABLE_STRICT_OBJC_MSGSEND = YES;
				ENABLE_TESTABILITY = YES;
				ENABLE_USER_SCRIPT_SANDBOXING = YES;
				GCC_C_LANGUAGE_STANDARD = gnu17;
				GCC_DYNAMIC_NO_PIC = NO;
				GCC_NO_COMMON_BLOCKS = YES;
				GCC_OPTIMIZATION_LEVEL = 0;
				GCC_PREPROCESSOR_DEFINITIONS = (
					"DEBUG=1",
					"$(inherited)",
				);
				GCC_WARN_64_TO_32_BIT_CONVERSION = YES;
				GCC_WARN_ABOUT_RETURN_TYPE = YES_ERROR;
				GCC_WARN_UNDECLARED_SELECTOR = YES;
				GCC_WARN_UNINITIALIZED_AUTOS = YES_AGGRESSIVE;
				GCC_WARN_UNUSED_FUNCTION = YES;
				GCC_WARN_UNUSED_VARIABLE = YES;
				IPHONEOS_DEPLOYMENT_TARGET = 17.4;
				LOCALIZATION_PREFERS_STRING_CATALOGS = YES;
				MTL_ENABLE_DEBUG_INFO = INCLUDE_SOURCE;
				MTL_FAST_MATH = YES;
				ONLY_ACTIVE_ARCH = YES;
				SDKROOT = iphoneos;
				SWIFT_ACTIVE_COMPILATION_CONDITIONS = "DEBUG $(inherited)";
				SWIFT_OPTIMIZATION_LEVEL = "-Onone";
			};
			name = Debug;
		};
		FA1894102BC59CA800719EAD /* Release */ = {
			isa = XCBuildConfiguration;
			buildSettings = {
				ALWAYS_SEARCH_USER_PATHS = NO;
				ASSETCATALOG_COMPILER_GENERATE_SWIFT_ASSET_SYMBOL_EXTENSIONS = YES;
				CLANG_ANALYZER_NONNULL = YES;
				CLANG_ANALYZER_NUMBER_OBJECT_CONVERSION = YES_AGGRESSIVE;
				CLANG_CXX_LANGUAGE_STANDARD = "gnu++20";
				CLANG_ENABLE_MODULES = YES;
				CLANG_ENABLE_OBJC_ARC = YES;
				CLANG_ENABLE_OBJC_WEAK = YES;
				CLANG_WARN_BLOCK_CAPTURE_AUTORELEASING = YES;
				CLANG_WARN_BOOL_CONVERSION = YES;
				CLANG_WARN_COMMA = YES;
				CLANG_WARN_CONSTANT_CONVERSION = YES;
				CLANG_WARN_DEPRECATED_OBJC_IMPLEMENTATIONS = YES;
				CLANG_WARN_DIRECT_OBJC_ISA_USAGE = YES_ERROR;
				CLANG_WARN_DOCUMENTATION_COMMENTS = YES;
				CLANG_WARN_EMPTY_BODY = YES;
				CLANG_WARN_ENUM_CONVERSION = YES;
				CLANG_WARN_INFINITE_RECURSION = YES;
				CLANG_WARN_INT_CONVERSION = YES;
				CLANG_WARN_NON_LITERAL_NULL_CONVERSION = YES;
				CLANG_WARN_OBJC_IMPLICIT_RETAIN_SELF = YES;
				CLANG_WARN_OBJC_LITERAL_CONVERSION = YES;
				CLANG_WARN_OBJC_ROOT_CLASS = YES_ERROR;
				CLANG_WARN_QUOTED_INCLUDE_IN_FRAMEWORK_HEADER = YES;
				CLANG_WARN_RANGE_LOOP_ANALYSIS = YES;
				CLANG_WARN_STRICT_PROTOTYPES = YES;
				CLANG_WARN_SUSPICIOUS_MOVE = YES;
				CLANG_WARN_UNGUARDED_AVAILABILITY = YES_AGGRESSIVE;
				CLANG_WARN_UNREACHABLE_CODE = YES;
				CLANG_WARN__DUPLICATE_METHOD_MATCH = YES;
				COPY_PHASE_STRIP = NO;
				DEBUG_INFORMATION_FORMAT = "dwarf-with-dsym";
				ENABLE_NS_ASSERTIONS = NO;
				ENABLE_STRICT_OBJC_MSGSEND = YES;
				ENABLE_USER_SCRIPT_SANDBOXING = YES;
				GCC_C_LANGUAGE_STANDARD = gnu17;
				GCC_NO_COMMON_BLOCKS = YES;
				GCC_WARN_64_TO_32_BIT_CONVERSION = YES;
				GCC_WARN_ABOUT_RETURN_TYPE = YES_ERROR;
				GCC_WARN_UNDECLARED_SELECTOR = YES;
				GCC_WARN_UNINITIALIZED_AUTOS = YES_AGGRESSIVE;
				GCC_WARN_UNUSED_FUNCTION = YES;
				GCC_WARN_UNUSED_VARIABLE = YES;
				IPHONEOS_DEPLOYMENT_TARGET = 17.4;
				LOCALIZATION_PREFERS_STRING_CATALOGS = YES;
				MTL_ENABLE_DEBUG_INFO = NO;
				MTL_FAST_MATH = YES;
				SDKROOT = iphoneos;
				SWIFT_COMPILATION_MODE = wholemodule;
				VALIDATE_PRODUCT = YES;
			};
			name = Release;
		};
		FA1894122BC59CA800719EAD /* Debug */ = {
			isa = XCBuildConfiguration;
			buildSettings = {
				ASSETCATALOG_COMPILER_APPICON_NAME = AppIcon;
				ASSETCATALOG_COMPILER_GLOBAL_ACCENT_COLOR_NAME = AccentColor;
				CODE_SIGN_STYLE = Automatic;
				CURRENT_PROJECT_VERSION = 1;
				DEVELOPMENT_ASSET_PATHS = "\"ExitCodes/Preview Content\"";
				DEVELOPMENT_TEAM = H85CS6E844;
				ENABLE_PREVIEWS = YES;
				GENERATE_INFOPLIST_FILE = YES;
				INFOPLIST_KEY_UIApplicationSceneManifest_Generation = YES;
				INFOPLIST_KEY_UIApplicationSupportsIndirectInputEvents = YES;
				INFOPLIST_KEY_UILaunchScreen_Generation = YES;
				INFOPLIST_KEY_UISupportedInterfaceOrientations_iPad = "UIInterfaceOrientationPortrait UIInterfaceOrientationPortraitUpsideDown UIInterfaceOrientationLandscapeLeft UIInterfaceOrientationLandscapeRight";
				INFOPLIST_KEY_UISupportedInterfaceOrientations_iPhone = "UIInterfaceOrientationPortrait UIInterfaceOrientationLandscapeLeft UIInterfaceOrientationLandscapeRight";
				LD_RUNPATH_SEARCH_PATHS = (
					"$(inherited)",
					"@executable_path/Frameworks",
				);
				MARKETING_VERSION = 1.0;
				PRODUCT_BUNDLE_IDENTIFIER = com.squarefrog.ExitCodes;
				PRODUCT_NAME = "$(TARGET_NAME)";
				SWIFT_EMIT_LOC_STRINGS = YES;
				SWIFT_VERSION = 5.0;
				TARGETED_DEVICE_FAMILY = "1,2";
			};
			name = Debug;
		};
		FA1894132BC59CA800719EAD /* Release */ = {
			isa = XCBuildConfiguration;
			buildSettings = {
				ASSETCATALOG_COMPILER_APPICON_NAME = AppIcon;
				ASSETCATALOG_COMPILER_GLOBAL_ACCENT_COLOR_NAME = AccentColor;
				CODE_SIGN_STYLE = Automatic;
				CURRENT_PROJECT_VERSION = 1;
				DEVELOPMENT_ASSET_PATHS = "\"ExitCodes/Preview Content\"";
				DEVELOPMENT_TEAM = H85CS6E844;
				ENABLE_PREVIEWS = YES;
				GENERATE_INFOPLIST_FILE = YES;
				INFOPLIST_KEY_UIApplicationSceneManifest_Generation = YES;
				INFOPLIST_KEY_UIApplicationSupportsIndirectInputEvents = YES;
				INFOPLIST_KEY_UILaunchScreen_Generation = YES;
				INFOPLIST_KEY_UISupportedInterfaceOrientations_iPad = "UIInterfaceOrientationPortrait UIInterfaceOrientationPortraitUpsideDown UIInterfaceOrientationLandscapeLeft UIInterfaceOrientationLandscapeRight";
				INFOPLIST_KEY_UISupportedInterfaceOrientations_iPhone = "UIInterfaceOrientationPortrait UIInterfaceOrientationLandscapeLeft UIInterfaceOrientationLandscapeRight";
				LD_RUNPATH_SEARCH_PATHS = (
					"$(inherited)",
					"@executable_path/Frameworks",
				);
				MARKETING_VERSION = 1.0;
				PRODUCT_BUNDLE_IDENTIFIER = com.squarefrog.ExitCodes;
				PRODUCT_NAME = "$(TARGET_NAME)";
				SWIFT_EMIT_LOC_STRINGS = YES;
				SWIFT_VERSION = 5.0;
				TARGETED_DEVICE_FAMILY = "1,2";
			};
			name = Release;
		};
		FA1894152BC59CA800719EAD /* Debug */ = {
			isa = XCBuildConfiguration;
			buildSettings = {
				ALWAYS_EMBED_SWIFT_STANDARD_LIBRARIES = YES;
				BUNDLE_LOADER = "$(TEST_HOST)";
				CODE_SIGN_STYLE = Automatic;
				CURRENT_PROJECT_VERSION = 1;
				DEVELOPMENT_TEAM = H85CS6E844;
				GENERATE_INFOPLIST_FILE = YES;
				IPHONEOS_DEPLOYMENT_TARGET = 17.4;
				MARKETING_VERSION = 1.0;
				PRODUCT_BUNDLE_IDENTIFIER = com.squarefrog.ExitCodesTests;
				PRODUCT_NAME = "$(TARGET_NAME)";
				SWIFT_EMIT_LOC_STRINGS = NO;
				SWIFT_VERSION = 5.0;
				TARGETED_DEVICE_FAMILY = "1,2";
				TEST_HOST = "$(BUILT_PRODUCTS_DIR)/ExitCodes.app/$(BUNDLE_EXECUTABLE_FOLDER_PATH)/ExitCodes";
			};
			name = Debug;
		};
		FA1894162BC59CA800719EAD /* Release */ = {
			isa = XCBuildConfiguration;
			buildSettings = {
				ALWAYS_EMBED_SWIFT_STANDARD_LIBRARIES = YES;
				BUNDLE_LOADER = "$(TEST_HOST)";
				CODE_SIGN_STYLE = Automatic;
				CURRENT_PROJECT_VERSION = 1;
				DEVELOPMENT_TEAM = H85CS6E844;
				GENERATE_INFOPLIST_FILE = YES;
				IPHONEOS_DEPLOYMENT_TARGET = 17.4;
				MARKETING_VERSION = 1.0;
				PRODUCT_BUNDLE_IDENTIFIER = com.squarefrog.ExitCodesTests;
				PRODUCT_NAME = "$(TARGET_NAME)";
				SWIFT_EMIT_LOC_STRINGS = NO;
				SWIFT_VERSION = 5.0;
				TARGETED_DEVICE_FAMILY = "1,2";
				TEST_HOST = "$(BUILT_PRODUCTS_DIR)/ExitCodes.app/$(BUNDLE_EXECUTABLE_FOLDER_PATH)/ExitCodes";
			};
			name = Release;
		};
/* End XCBuildConfiguration section */

/* Begin XCConfigurationList section */
		FA1893E82BC59CA600719EAD /* Build configuration list for PBXProject "ExitCodes" */ = {
			isa = XCConfigurationList;
			buildConfigurations = (
				FA18940F2BC59CA800719EAD /* Debug */,
				FA1894102BC59CA800719EAD /* Release */,
			);
			defaultConfigurationIsVisible = 0;
			defaultConfigurationName = Release;
		};
		FA1894112BC59CA800719EAD /* Build configuration list for PBXNativeTarget "ExitCodes" */ = {
			isa = XCConfigurationList;
			buildConfigurations = (
				FA1894122BC59CA800719EAD /* Debug */,
				FA1894132BC59CA800719EAD /* Release */,
			);
			defaultConfigurationIsVisible = 0;
			defaultConfigurationName = Release;
		};
		FA1894142BC59CA800719EAD /* Build configuration list for PBXNativeTarget "ExitCodesTests" */ = {
			isa = XCConfigurationList;
			buildConfigurations = (
				FA1894152BC59CA800719EAD /* Debug */,
				FA1894162BC59CA800719EAD /* Release */,
			);
			defaultConfigurationIsVisible = 0;
			defaultConfigurationName = Release;
		};
/* End XCConfigurationList section */
	};
	rootObject = FA1893E52BC59CA600719EAD /* Project object */;
}
